
Microsoft Visual Studio Solution File, Format Version 12.00
# Visual Studio 15
VisualStudioVersion = 15.0.28307.852
MinimumVisualStudioVersion = 10.0.40219.1
Project("{FAE04EC0-301F-11D3-BF4B-00C04F79EFBC}") = "Vidly", "Vidly\Vidly.csproj", "{8BF47DB2-2587-4F79-A03A-601533C16D23}"
EndProject
Global
	GlobalSection(SolutionConfigurationPlatforms) = preSolution
		Debug|Any CPU = Debug|Any CPU
		Release|Any CPU = Release|Any CPU
	EndGlobalSection
	GlobalSection(ProjectConfigurationPlatforms) = postSolution
		{8BF47DB2-2587-4F79-A03A-601533C16D23}.Debug|Any CPU.ActiveCfg = Debug|Any CPU
		{8BF47DB2-2587-4F79-A03A-601533C16D23}.Debug|Any CPU.Build.0 = Debug|Any CPU
		{8BF47DB2-2587-4F79-A03A-601533C16D23}.Release|Any CPU.ActiveCfg = Release|Any CPU
		{8BF47DB2-2587-4F79-A03A-601533C16D23}.Release|Any CPU.Build.0 = Release|Any CPU
	EndGlobalSection
	GlobalSection(SolutionProperties) = preSolution
		HideSolutionNode = FALSE
	EndGlobalSection
	GlobalSection(ExtensibilityGlobals) = postSolution
		SolutionGuid = {E4978009-22E2-4514-98A6-5F70D754A7E1}
	EndGlobalSection
EndGlobal
